// !$*UTF8*$!
{
	archiveVersion = 1;
	classes = {
	};
	objectVersion = 56;
	objects = {

/* Begin PBXBuildFile section */
		853A1F912BC91D3C00600D5E /* AppDelegate.swift in Sources */ = {isa = PBXBuildFile; fileRef = 853A1F902BC91D3C00600D5E /* AppDelegate.swift */; };
		853A1F932BC91D3C00600D5E /* SceneDelegate.swift in Sources */ = {isa = PBXBuildFile; fileRef = 853A1F922BC91D3C00600D5E /* SceneDelegate.swift */; };
		853A1F952BC91D3C00600D5E /* ViewController.swift in Sources */ = {isa = PBXBuildFile; fileRef = 853A1F942BC91D3C00600D5E /* ViewController.swift */; };
		853A1F982BC91D3C00600D5E /* Base in Resources */ = {isa = PBXBuildFile; fileRef = 853A1F972BC91D3C00600D5E /* Base */; };
		853A1F9B2BC91D3C00600D5E /* WishList.xcdatamodeld in Sources */ = {isa = PBXBuildFile; fileRef = 853A1F992BC91D3C00600D5E /* WishList.xcdatamodeld */; };
		853A1F9D2BC91D3E00600D5E /* Assets.xcassets in Resources */ = {isa = PBXBuildFile; fileRef = 853A1F9C2BC91D3E00600D5E /* Assets.xcassets */; };
		853A1FA02BC91D3E00600D5E /* Base in Resources */ = {isa = PBXBuildFile; fileRef = 853A1F9F2BC91D3E00600D5E /* Base */; };
		853A1FAB2BCE6E0E00600D5E /* WishListTableViewController.swift in Sources */ = {isa = PBXBuildFile; fileRef = 853A1FAA2BCE6E0E00600D5E /* WishListTableViewController.swift */; };
		8563ABD32BCF930A00BB7728 /* Product.swift in Sources */ = {isa = PBXBuildFile; fileRef = 8563ABD22BCF930A00BB7728 /* Product.swift */; };
		8563ABD52BCF9A5300BB7728 /* ProductManager.swift in Sources */ = {isa = PBXBuildFile; fileRef = 8563ABD42BCF9A5300BB7728 /* ProductManager.swift */; };
		8563AC042BD0BE5900BB7728 /* CoreDataManager.swift in Sources */ = {isa = PBXBuildFile; fileRef = 8563AC032BD0BE5900BB7728 /* CoreDataManager.swift */; };
		8563AC072BD117AF00BB7728 /* WishListTableViewCell.swift in Sources */ = {isa = PBXBuildFile; fileRef = 8563AC062BD117AF00BB7728 /* WishListTableViewCell.swift */; };
		8563AC0A2BD130DF00BB7728 /* IntExtension.swift in Sources */ = {isa = PBXBuildFile; fileRef = 8563AC092BD130DF00BB7728 /* IntExtension.swift */; };
/* End PBXBuildFile section */

/* Begin PBXFileReference section */
		853A1F8D2BC91D3C00600D5E /* WishList.app */ = {isa = PBXFileReference; explicitFileType = wrapper.application; includeInIndex = 0; path = WishList.app; sourceTree = BUILT_PRODUCTS_DIR; };
		853A1F902BC91D3C00600D5E /* AppDelegate.swift */ = {isa = PBXFileReference; lastKnownFileType = sourcecode.swift; path = AppDelegate.swift; sourceTree = "<group>"; };
		853A1F922BC91D3C00600D5E /* SceneDelegate.swift */ = {isa = PBXFileReference; lastKnownFileType = sourcecode.swift; path = SceneDelegate.swift; sourceTree = "<group>"; };
		853A1F942BC91D3C00600D5E /* ViewController.swift */ = {isa = PBXFileReference; lastKnownFileType = sourcecode.swift; path = ViewController.swift; sourceTree = "<group>"; };
		853A1F972BC91D3C00600D5E /* Base */ = {isa = PBXFileReference; lastKnownFileType = file.storyboard; name = Base; path = Base.lproj/Main.storyboard; sourceTree = "<group>"; };
		853A1F9A2BC91D3C00600D5E /* WishList.xcdatamodel */ = {isa = PBXFileReference; lastKnownFileType = wrapper.xcdatamodel; path = WishList.xcdatamodel; sourceTree = "<group>"; };
		853A1F9C2BC91D3E00600D5E /* Assets.xcassets */ = {isa = PBXFileReference; lastKnownFileType = folder.assetcatalog; path = Assets.xcassets; sourceTree = "<group>"; };
		853A1F9F2BC91D3E00600D5E /* Base */ = {isa = PBXFileReference; lastKnownFileType = file.storyboard; name = Base; path = Base.lproj/LaunchScreen.storyboard; sourceTree = "<group>"; };
		853A1FA12BC91D3E00600D5E /* Info.plist */ = {isa = PBXFileReference; lastKnownFileType = text.plist.xml; path = Info.plist; sourceTree = "<group>"; };
		853A1FAA2BCE6E0E00600D5E /* WishListTableViewController.swift */ = {isa = PBXFileReference; lastKnownFileType = sourcecode.swift; path = WishListTableViewController.swift; sourceTree = "<group>"; };
		8563ABD22BCF930A00BB7728 /* Product.swift */ = {isa = PBXFileReference; lastKnownFileType = sourcecode.swift; path = Product.swift; sourceTree = "<group>"; };
		8563ABD42BCF9A5300BB7728 /* ProductManager.swift */ = {isa = PBXFileReference; lastKnownFileType = sourcecode.swift; path = ProductManager.swift; sourceTree = "<group>"; };
		8563AC032BD0BE5900BB7728 /* CoreDataManager.swift */ = {isa = PBXFileReference; lastKnownFileType = sourcecode.swift; path = CoreDataManager.swift; sourceTree = "<group>"; };
		8563AC062BD117AF00BB7728 /* WishListTableViewCell.swift */ = {isa = PBXFileReference; lastKnownFileType = sourcecode.swift; path = WishListTableViewCell.swift; sourceTree = "<group>"; };
		8563AC092BD130DF00BB7728 /* IntExtension.swift */ = {isa = PBXFileReference; lastKnownFileType = sourcecode.swift; path = IntExtension.swift; sourceTree = "<group>"; };
/* End PBXFileReference section */

/* Begin PBXFrameworksBuildPhase section */
		853A1F8A2BC91D3C00600D5E /* Frameworks */ = {
			isa = PBXFrameworksBuildPhase;
			buildActionMask = 2147483647;
			files = (
			);
			runOnlyForDeploymentPostprocessing = 0;
		};
/* End PBXFrameworksBuildPhase section */

/* Begin PBXGroup section */
		853A1F842BC91D3C00600D5E = {
			isa = PBXGroup;
			children = (
				853A1F8F2BC91D3C00600D5E /* WishList */,
				853A1F8E2BC91D3C00600D5E /* Products */,
			);
			sourceTree = "<group>";
		};
		853A1F8E2BC91D3C00600D5E /* Products */ = {
			isa = PBXGroup;
			children = (
				853A1F8D2BC91D3C00600D5E /* WishList.app */,
			);
			name = Products;
			sourceTree = "<group>";
		};
		853A1F8F2BC91D3C00600D5E /* WishList */ = {
			isa = PBXGroup;
			children = (
				8563AC0B2BD130EA00BB7728 /* Extension */,
				8563AC082BD12D7300BB7728 /* View */,
				8563AC052BD1136C00BB7728 /* Controller */,
				8563ABD62BCF9A8A00BB7728 /* Model */,
				853A1F902BC91D3C00600D5E /* AppDelegate.swift */,
				853A1F922BC91D3C00600D5E /* SceneDelegate.swift */,
				853A1F962BC91D3C00600D5E /* Main.storyboard */,
				853A1F9C2BC91D3E00600D5E /* Assets.xcassets */,
				853A1F9E2BC91D3E00600D5E /* LaunchScreen.storyboard */,
				853A1FA12BC91D3E00600D5E /* Info.plist */,
				853A1F992BC91D3C00600D5E /* WishList.xcdatamodeld */,
			);
			path = WishList;
			sourceTree = "<group>";
		};
		8563ABD62BCF9A8A00BB7728 /* Model */ = {
			isa = PBXGroup;
			children = (
				8563ABD42BCF9A5300BB7728 /* ProductManager.swift */,
				8563ABD22BCF930A00BB7728 /* Product.swift */,
				8563AC032BD0BE5900BB7728 /* CoreDataManager.swift */,
			);
			path = Model;
			sourceTree = "<group>";
		};
		8563AC052BD1136C00BB7728 /* Controller */ = {
			isa = PBXGroup;
			children = (
				853A1FAA2BCE6E0E00600D5E /* WishListTableViewController.swift */,
				853A1F942BC91D3C00600D5E /* ViewController.swift */,
			);
			path = Controller;
			sourceTree = "<group>";
		};
		8563AC082BD12D7300BB7728 /* View */ = {
			isa = PBXGroup;
			children = (
				8563AC062BD117AF00BB7728 /* WishListTableViewCell.swift */,
			);
			path = View;
			sourceTree = "<group>";
		};
		8563AC0B2BD130EA00BB7728 /* Extension */ = {
			isa = PBXGroup;
			children = (
				8563AC092BD130DF00BB7728 /* IntExtension.swift */,
			);
			path = Extension;
			sourceTree = "<group>";
		};
/* End PBXGroup section */

/* Begin PBXNativeTarget section */
		853A1F8C2BC91D3C00600D5E /* WishList */ = {
			isa = PBXNativeTarget;
			buildConfigurationList = 853A1FA42BC91D3E00600D5E /* Build configuration list for PBXNativeTarget "WishList" */;
			buildPhases = (
				853A1F892BC91D3C00600D5E /* Sources */,
				853A1F8A2BC91D3C00600D5E /* Frameworks */,
				853A1F8B2BC91D3C00600D5E /* Resources */,
			);
			buildRules = (
			);
			dependencies = (
			);
			name = WishList;
			productName = WishList;
			productReference = 853A1F8D2BC91D3C00600D5E /* WishList.app */;
			productType = "com.apple.product-type.application";
		};
/* End PBXNativeTarget section */

/* Begin PBXProject section */
		853A1F852BC91D3C00600D5E /* Project object */ = {
			isa = PBXProject;
			attributes = {
				BuildIndependentTargetsInParallel = 1;
				LastSwiftUpdateCheck = 1530;
				LastUpgradeCheck = 1530;
				TargetAttributes = {
					853A1F8C2BC91D3C00600D5E = {
						CreatedOnToolsVersion = 15.3;
					};
				};
			};
			buildConfigurationList = 853A1F882BC91D3C00600D5E /* Build configuration list for PBXProject "WishList" */;
			compatibilityVersion = "Xcode 14.0";
			developmentRegion = en;
			hasScannedForEncodings = 0;
			knownRegions = (
				en,
				Base,
			);
			mainGroup = 853A1F842BC91D3C00600D5E;
			productRefGroup = 853A1F8E2BC91D3C00600D5E /* Products */;
			projectDirPath = "";
			projectRoot = "";
			targets = (
				853A1F8C2BC91D3C00600D5E /* WishList */,
			);
		};
/* End PBXProject section */

/* Begin PBXResourcesBuildPhase section */
		853A1F8B2BC91D3C00600D5E /* Resources */ = {
			isa = PBXResourcesBuildPhase;
			buildActionMask = 2147483647;
			files = (
				853A1F9D2BC91D3E00600D5E /* Assets.xcassets in Resources */,
				853A1FA02BC91D3E00600D5E /* Base in Resources */,
				853A1F982BC91D3C00600D5E /* Base in Resources */,
			);
			runOnlyForDeploymentPostprocessing = 0;
		};
/* End PBXResourcesBuildPhase section */

/* Begin PBXSourcesBuildPhase section */
		853A1F892BC91D3C00600D5E /* Sources */ = {
			isa = PBXSourcesBuildPhase;
			buildActionMask = 2147483647;
			files = (
				853A1F9B2BC91D3C00600D5E /* WishList.xcdatamodeld in Sources */,
				853A1F952BC91D3C00600D5E /* ViewController.swift in Sources */,
				8563ABD52BCF9A5300BB7728 /* ProductManager.swift in Sources */,
				8563AC0A2BD130DF00BB7728 /* IntExtension.swift in Sources */,
				853A1F912BC91D3C00600D5E /* AppDelegate.swift in Sources */,
				853A1F932BC91D3C00600D5E /* SceneDelegate.swift in Sources */,
				8563AC072BD117AF00BB7728 /* WishListTableViewCell.swift in Sources */,
				853A1FAB2BCE6E0E00600D5E /* WishListTableViewController.swift in Sources */,
				8563AC042BD0BE5900BB7728 /* CoreDataManager.swift in Sources */,
				8563ABD32BCF930A00BB7728 /* Product.swift in Sources */,
			);
			runOnlyForDeploymentPostprocessing = 0;
		};
/* End PBXSourcesBuildPhase section */

/* Begin PBXVariantGroup section */
		853A1F962BC91D3C00600D5E /* Main.storyboard */ = {
			isa = PBXVariantGroup;
			children = (
				853A1F972BC91D3C00600D5E /* Base */,
			);
			name = Main.storyboard;
			sourceTree = "<group>";
		};
		853A1F9E2BC91D3E00600D5E /* LaunchScreen.storyboard */ = {
			isa = PBXVariantGroup;
			children = (
				853A1F9F2BC91D3E00600D5E /* Base */,
			);
			name = LaunchScreen.storyboard;
			sourceTree = "<group>";
		};
/* End PBXVariantGroup section */

/* Begin XCBuildConfiguration section */
		853A1FA22BC91D3E00600D5E /* Debug */ = {
			isa = XCBuildConfiguration;
			buildSettings = {
				ALWAYS_SEARCH_USER_PATHS = NO;
				ASSETCATALOG_COMPILER_GENERATE_SWIFT_ASSET_SYMBOL_EXTENSIONS = YES;
				CLANG_ANALYZER_NONNULL = YES;
				CLANG_ANALYZER_NUMBER_OBJECT_CONVERSION = YES_AGGRESSIVE;
				CLANG_CXX_LANGUAGE_STANDARD = "gnu++20";
				CLANG_ENABLE_MODULES = YES;
				CLANG_ENABLE_OBJC_ARC = YES;
				CLANG_ENABLE_OBJC_WEAK = YES;
				CLANG_WARN_BLOCK_CAPTURE_AUTORELEASING = YES;
				CLANG_WARN_BOOL_CONVERSION = YES;
				CLANG_WARN_COMMA = YES;
				CLANG_WARN_CONSTANT_CONVERSION = YES;
				CLANG_WARN_DEPRECATED_OBJC_IMPLEMENTATIONS = YES;
				CLANG_WARN_DIRECT_OBJC_ISA_USAGE = YES_ERROR;
				CLANG_WARN_DOCUMENTATION_COMMENTS = YES;
				CLANG_WARN_EMPTY_BODY = YES;
				CLANG_WARN_ENUM_CONVERSION = YES;
				CLANG_WARN_INFINITE_RECURSION = YES;
				CLANG_WARN_INT_CONVERSION = YES;
				CLANG_WARN_NON_LITERAL_NULL_CONVERSION = YES;
				CLANG_WARN_OBJC_IMPLICIT_RETAIN_SELF = YES;
				CLANG_WARN_OBJC_LITERAL_CONVERSION = YES;
				CLANG_WARN_OBJC_ROOT_CLASS = YES_ERROR;
				CLANG_WARN_QUOTED_INCLUDE_IN_FRAMEWORK_HEADER = YES;
				CLANG_WARN_RANGE_LOOP_ANALYSIS = YES;
				CLANG_WARN_STRICT_PROTOTYPES = YES;
				CLANG_WARN_SUSPICIOUS_MOVE = YES;
				CLANG_WARN_UNGUARDED_AVAILABILITY = YES_AGGRESSIVE;
				CLANG_WARN_UNREACHABLE_CODE = YES;
				CLANG_WARN__DUPLICATE_METHOD_MATCH = YES;
				COPY_PHASE_STRIP = NO;
				DEBUG_INFORMATION_FORMAT = dwarf;
				ENABLE_STRICT_OBJC_MSGSEND = YES;
				ENABLE_TESTABILITY = YES;
				ENABLE_USER_SCRIPT_SANDBOXING = YES;
				GCC_C_LANGUAGE_STANDARD = gnu17;
				GCC_DYNAMIC_NO_PIC = NO;
				GCC_NO_COMMON_BLOCKS = YES;
				GCC_OPTIMIZATION_LEVEL = 0;
				GCC_PREPROCESSOR_DEFINITIONS = (
					"DEBUG=1",
					"$(inherited)",
				);
				GCC_WARN_64_TO_32_BIT_CONVERSION = YES;
				GCC_WARN_ABOUT_RETURN_TYPE = YES_ERROR;
				GCC_WARN_UNDECLARED_SELECTOR = YES;
				GCC_WARN_UNINITIALIZED_AUTOS = YES_AGGRESSIVE;
				GCC_WARN_UNUSED_FUNCTION = YES;
				GCC_WARN_UNUSED_VARIABLE = YES;
				IPHONEOS_DEPLOYMENT_TARGET = 17.4;
				LOCALIZATION_PREFERS_STRING_CATALOGS = YES;
				MTL_ENABLE_DEBUG_INFO = INCLUDE_SOURCE;
				MTL_FAST_MATH = YES;
				ONLY_ACTIVE_ARCH = YES;
				SDKROOT = iphoneos;
				SWIFT_ACTIVE_COMPILATION_CONDITIONS = "DEBUG $(inherited)";
				SWIFT_OPTIMIZATION_LEVEL = "-Onone";
			};
			name = Debug;
		};
		853A1FA32BC91D3E00600D5E /* Release */ = {
			isa = XCBuildConfiguration;
			buildSettings = {
				ALWAYS_SEARCH_USER_PATHS = NO;
				ASSETCATALOG_COMPILER_GENERATE_SWIFT_ASSET_SYMBOL_EXTENSIONS = YES;
				CLANG_ANALYZER_NONNULL = YES;
				CLANG_ANALYZER_NUMBER_OBJECT_CONVERSION = YES_AGGRESSIVE;
				CLANG_CXX_LANGUAGE_STANDARD = "gnu++20";
				CLANG_ENABLE_MODULES = YES;
				CLANG_ENABLE_OBJC_ARC = YES;
				CLANG_ENABLE_OBJC_WEAK = YES;
				CLANG_WARN_BLOCK_CAPTURE_AUTORELEASING = YES;
				CLANG_WARN_BOOL_CONVERSION = YES;
				CLANG_WARN_COMMA = YES;
				CLANG_WARN_CONSTANT_CONVERSION = YES;
				CLANG_WARN_DEPRECATED_OBJC_IMPLEMENTATIONS = YES;
				CLANG_WARN_DIRECT_OBJC_ISA_USAGE = YES_ERROR;
				CLANG_WARN_DOCUMENTATION_COMMENTS = YES;
				CLANG_WARN_EMPTY_BODY = YES;
				CLANG_WARN_ENUM_CONVERSION = YES;
				CLANG_WARN_INFINITE_RECURSION = YES;
				CLANG_WARN_INT_CONVERSION = YES;
				CLANG_WARN_NON_LITERAL_NULL_CONVERSION = YES;
				CLANG_WARN_OBJC_IMPLICIT_RETAIN_SELF = YES;
				CLANG_WARN_OBJC_LITERAL_CONVERSION = YES;
				CLANG_WARN_OBJC_ROOT_CLASS = YES_ERROR;
				CLANG_WARN_QUOTED_INCLUDE_IN_FRAMEWORK_HEADER = YES;
				CLANG_WARN_RANGE_LOOP_ANALYSIS = YES;
				CLANG_WARN_STRICT_PROTOTYPES = YES;
				CLANG_WARN_SUSPICIOUS_MOVE = YES;
				CLANG_WARN_UNGUARDED_AVAILABILITY = YES_AGGRESSIVE;
				CLANG_WARN_UNREACHABLE_CODE = YES;
				CLANG_WARN__DUPLICATE_METHOD_MATCH = YES;
				COPY_PHASE_STRIP = NO;
				DEBUG_INFORMATION_FORMAT = "dwarf-with-dsym";
				ENABLE_NS_ASSERTIONS = NO;
				ENABLE_STRICT_OBJC_MSGSEND = YES;
				ENABLE_USER_SCRIPT_SANDBOXING = YES;
				GCC_C_LANGUAGE_STANDARD = gnu17;
				GCC_NO_COMMON_BLOCKS = YES;
				GCC_WARN_64_TO_32_BIT_CONVERSION = YES;
				GCC_WARN_ABOUT_RETURN_TYPE = YES_ERROR;
				GCC_WARN_UNDECLARED_SELECTOR = YES;
				GCC_WARN_UNINITIALIZED_AUTOS = YES_AGGRESSIVE;
				GCC_WARN_UNUSED_FUNCTION = YES;
				GCC_WARN_UNUSED_VARIABLE = YES;
				IPHONEOS_DEPLOYMENT_TARGET = 17.4;
				LOCALIZATION_PREFERS_STRING_CATALOGS = YES;
				MTL_ENABLE_DEBUG_INFO = NO;
				MTL_FAST_MATH = YES;
				SDKROOT = iphoneos;
				SWIFT_COMPILATION_MODE = wholemodule;
				VALIDATE_PRODUCT = YES;
			};
			name = Release;
		};
		853A1FA52BC91D3E00600D5E /* Debug */ = {
			isa = XCBuildConfiguration;
			buildSettings = {
				ASSETCATALOG_COMPILER_APPICON_NAME = AppIcon;
				ASSETCATALOG_COMPILER_GLOBAL_ACCENT_COLOR_NAME = AccentColor;
				CODE_SIGN_STYLE = Automatic;
				CURRENT_PROJECT_VERSION = 1;
				DEVELOPMENT_TEAM = CS9SP68DH3;
				GENERATE_INFOPLIST_FILE = YES;
				INFOPLIST_FILE = WishList/Info.plist;
				INFOPLIST_KEY_UIApplicationSupportsIndirectInputEvents = YES;
				INFOPLIST_KEY_UILaunchStoryboardName = LaunchScreen;
				INFOPLIST_KEY_UIMainStoryboardFile = Main;
				INFOPLIST_KEY_UISupportedInterfaceOrientations_iPad = "UIInterfaceOrientationPortrait UIInterfaceOrientationPortraitUpsideDown UIInterfaceOrientationLandscapeLeft UIInterfaceOrientationLandscapeRight";
				INFOPLIST_KEY_UISupportedInterfaceOrientations_iPhone = "UIInterfaceOrientationPortrait UIInterfaceOrientationLandscapeLeft UIInterfaceOrientationLandscapeRight";
				LD_RUNPATH_SEARCH_PATHS = (
					"$(inherited)",
					"@executable_path/Frameworks",
				);
				MARKETING_VERSION = 1.0;
				PRODUCT_BUNDLE_IDENTIFIER = suri.WishList;
				PRODUCT_NAME = "$(TARGET_NAME)";
				SWIFT_EMIT_LOC_STRINGS = YES;
				SWIFT_VERSION = 5.0;
				TARGETED_DEVICE_FAMILY = "1,2";
			};
			name = Debug;
		};
		853A1FA62BC91D3E00600D5E /* Release */ = {
			isa = XCBuildConfiguration;
			buildSettings = {
				ASSETCATALOG_COMPILER_APPICON_NAME = AppIcon;
				ASSETCATALOG_COMPILER_GLOBAL_ACCENT_COLOR_NAME = AccentColor;
				CODE_SIGN_STYLE = Automatic;
				CURRENT_PROJECT_VERSION = 1;
				DEVELOPMENT_TEAM = CS9SP68DH3;
				GENERATE_INFOPLIST_FILE = YES;
				INFOPLIST_FILE = WishList/Info.plist;
				INFOPLIST_KEY_UIApplicationSupportsIndirectInputEvents = YES;
				INFOPLIST_KEY_UILaunchStoryboardName = LaunchScreen;
				INFOPLIST_KEY_UIMainStoryboardFile = Main;
				INFOPLIST_KEY_UISupportedInterfaceOrientations_iPad = "UIInterfaceOrientationPortrait UIInterfaceOrientationPortraitUpsideDown UIInterfaceOrientationLandscapeLeft UIInterfaceOrientationLandscapeRight";
				INFOPLIST_KEY_UISupportedInterfaceOrientations_iPhone = "UIInterfaceOrientationPortrait UIInterfaceOrientationLandscapeLeft UIInterfaceOrientationLandscapeRight";
				LD_RUNPATH_SEARCH_PATHS = (
					"$(inherited)",
					"@executable_path/Frameworks",
				);
				MARKETING_VERSION = 1.0;
				PRODUCT_BUNDLE_IDENTIFIER = suri.WishList;
				PRODUCT_NAME = "$(TARGET_NAME)";
				SWIFT_EMIT_LOC_STRINGS = YES;
				SWIFT_VERSION = 5.0;
				TARGETED_DEVICE_FAMILY = "1,2";
			};
			name = Release;
		};
/* End XCBuildConfiguration section */

/* Begin XCConfigurationList section */
		853A1F882BC91D3C00600D5E /* Build configuration list for PBXProject "WishList" */ = {
			isa = XCConfigurationList;
			buildConfigurations = (
				853A1FA22BC91D3E00600D5E /* Debug */,
				853A1FA32BC91D3E00600D5E /* Release */,
			);
			defaultConfigurationIsVisible = 0;
			defaultConfigurationName = Release;
		};
		853A1FA42BC91D3E00600D5E /* Build configuration list for PBXNativeTarget "WishList" */ = {
			isa = XCConfigurationList;
			buildConfigurations = (
				853A1FA52BC91D3E00600D5E /* Debug */,
				853A1FA62BC91D3E00600D5E /* Release */,
			);
			defaultConfigurationIsVisible = 0;
			defaultConfigurationName = Release;
		};
/* End XCConfigurationList section */

/* Begin XCVersionGroup section */
		853A1F992BC91D3C00600D5E /* WishList.xcdatamodeld */ = {
			isa = XCVersionGroup;
			children = (
				853A1F9A2BC91D3C00600D5E /* WishList.xcdatamodel */,
			);
			currentVersion = 853A1F9A2BC91D3C00600D5E /* WishList.xcdatamodel */;
			path = WishList.xcdatamodeld;
			sourceTree = "<group>";
			versionGroupType = wrapper.xcdatamodel;
		};
/* End XCVersionGroup section */
	};
	rootObject = 853A1F852BC91D3C00600D5E /* Project object */;
}
