// !$*UTF8*$!
{
	archiveVersion = 1;
	classes = {
	};
	objectVersion = 56;
	objects = {

/* Begin PBXBuildFile section */
		85508C1B2BE9D7C500EADF58 /* SearchResultsCollectionViewCell.swift in Sources */ = {isa = PBXBuildFile; fileRef = 85508C1A2BE9D7C500EADF58 /* SearchResultsCollectionViewCell.swift */; };
		85508C1E2BEA879D00EADF58 /* UIFontExtension.swift in Sources */ = {isa = PBXBuildFile; fileRef = 85508C1D2BEA879D00EADF58 /* UIFontExtension.swift */; };
		85508C202BEA8B5400EADF58 /* UILabelExtension.swift in Sources */ = {isa = PBXBuildFile; fileRef = 85508C1F2BEA8B5400EADF58 /* UILabelExtension.swift */; };
		85508C262BEA8F0700EADF58 /* Book.swift in Sources */ = {isa = PBXBuildFile; fileRef = 85508C252BEA8F0700EADF58 /* Book.swift */; };
		85508C282BEB006B00EADF58 /* Secrets.plist in Resources */ = {isa = PBXBuildFile; fileRef = 85508C272BEB006B00EADF58 /* Secrets.plist */; };
		85508C2A2BEB053400EADF58 /* BookShelf++Bundle.swift in Sources */ = {isa = PBXBuildFile; fileRef = 85508C292BEB053400EADF58 /* BookShelf++Bundle.swift */; };
		85508C2D2BEB71CD00EADF58 /* NetworkManager.swift in Sources */ = {isa = PBXBuildFile; fileRef = 85508C2C2BEB71CD00EADF58 /* NetworkManager.swift */; };
		85508C2F2BEBACC300EADF58 /* DetailView.swift in Sources */ = {isa = PBXBuildFile; fileRef = 85508C2E2BEBACC300EADF58 /* DetailView.swift */; };
		85508C352BEBF44F00EADF58 /* AddedBook.xcdatamodeld in Sources */ = {isa = PBXBuildFile; fileRef = 85508C332BEBF44F00EADF58 /* AddedBook.xcdatamodeld */; };
		85508C372BEC4DD400EADF58 /* CoreDataManager.swift in Sources */ = {isa = PBXBuildFile; fileRef = 85508C362BEC4DD400EADF58 /* CoreDataManager.swift */; };
		85508C3C2BED24FD00EADF58 /* AddedBook+CoreDataClass.swift in Sources */ = {isa = PBXBuildFile; fileRef = 85508C3A2BED24FD00EADF58 /* AddedBook+CoreDataClass.swift */; };
		85508C3D2BED24FD00EADF58 /* AddedBook+CoreDataProperties.swift in Sources */ = {isa = PBXBuildFile; fileRef = 85508C3B2BED24FD00EADF58 /* AddedBook+CoreDataProperties.swift */; };
		85508C3F2BED349900EADF58 /* BookListTableViewCell.swift in Sources */ = {isa = PBXBuildFile; fileRef = 85508C3E2BED349900EADF58 /* BookListTableViewCell.swift */; };
		85508C452BED6D9500EADF58 /* RecentlyViewdBookCollectionViewCell.swift in Sources */ = {isa = PBXBuildFile; fileRef = 85508C442BED6D9500EADF58 /* RecentlyViewdBookCollectionViewCell.swift */; };
		85E70F372BE4B6F1003A6767 /* AppDelegate.swift in Sources */ = {isa = PBXBuildFile; fileRef = 85E70F362BE4B6F1003A6767 /* AppDelegate.swift */; };
		85E70F392BE4B6F1003A6767 /* SceneDelegate.swift in Sources */ = {isa = PBXBuildFile; fileRef = 85E70F382BE4B6F1003A6767 /* SceneDelegate.swift */; };
		85E70F3B2BE4B6F1003A6767 /* SearchViewController.swift in Sources */ = {isa = PBXBuildFile; fileRef = 85E70F3A2BE4B6F1003A6767 /* SearchViewController.swift */; };
		85E70F3E2BE4B6F1003A6767 /* Base in Resources */ = {isa = PBXBuildFile; fileRef = 85E70F3D2BE4B6F1003A6767 /* Base */; };
		85E70F402BE4B6F2003A6767 /* Assets.xcassets in Resources */ = {isa = PBXBuildFile; fileRef = 85E70F3F2BE4B6F2003A6767 /* Assets.xcassets */; };
		85E70F432BE4B6F2003A6767 /* Base in Resources */ = {isa = PBXBuildFile; fileRef = 85E70F422BE4B6F2003A6767 /* Base */; };
		85E70F4B2BE4DADE003A6767 /* BookListViewController.swift in Sources */ = {isa = PBXBuildFile; fileRef = 85E70F4A2BE4DADE003A6767 /* BookListViewController.swift */; };
		85E70F4D2BE4DE68003A6767 /* BookDetailViewController.swift in Sources */ = {isa = PBXBuildFile; fileRef = 85E70F4C2BE4DE68003A6767 /* BookDetailViewController.swift */; };
		85E70F502BE4F576003A6767 /* SnapKit in Frameworks */ = {isa = PBXBuildFile; productRef = 85E70F4F2BE4F576003A6767 /* SnapKit */; };
/* End PBXBuildFile section */

/* Begin PBXFileReference section */
		85508C1A2BE9D7C500EADF58 /* SearchResultsCollectionViewCell.swift */ = {isa = PBXFileReference; lastKnownFileType = sourcecode.swift; path = SearchResultsCollectionViewCell.swift; sourceTree = "<group>"; };
		85508C1D2BEA879D00EADF58 /* UIFontExtension.swift */ = {isa = PBXFileReference; lastKnownFileType = sourcecode.swift; path = UIFontExtension.swift; sourceTree = "<group>"; };
		85508C1F2BEA8B5400EADF58 /* UILabelExtension.swift */ = {isa = PBXFileReference; lastKnownFileType = sourcecode.swift; path = UILabelExtension.swift; sourceTree = "<group>"; };
		85508C252BEA8F0700EADF58 /* Book.swift */ = {isa = PBXFileReference; lastKnownFileType = sourcecode.swift; path = Book.swift; sourceTree = "<group>"; };
		85508C272BEB006B00EADF58 /* Secrets.plist */ = {isa = PBXFileReference; lastKnownFileType = text.plist.xml; path = Secrets.plist; sourceTree = "<group>"; };
		85508C292BEB053400EADF58 /* BookShelf++Bundle.swift */ = {isa = PBXFileReference; lastKnownFileType = sourcecode.swift; path = "BookShelf++Bundle.swift"; sourceTree = "<group>"; };
		85508C2C2BEB71CD00EADF58 /* NetworkManager.swift */ = {isa = PBXFileReference; lastKnownFileType = sourcecode.swift; path = NetworkManager.swift; sourceTree = "<group>"; };
		85508C2E2BEBACC300EADF58 /* DetailView.swift */ = {isa = PBXFileReference; lastKnownFileType = sourcecode.swift; path = DetailView.swift; sourceTree = "<group>"; };
		85508C342BEBF44F00EADF58 /* AddedBook.xcdatamodel */ = {isa = PBXFileReference; lastKnownFileType = wrapper.xcdatamodel; path = AddedBook.xcdatamodel; sourceTree = "<group>"; };
		85508C362BEC4DD400EADF58 /* CoreDataManager.swift */ = {isa = PBXFileReference; lastKnownFileType = sourcecode.swift; path = CoreDataManager.swift; sourceTree = "<group>"; };
		85508C3A2BED24FD00EADF58 /* AddedBook+CoreDataClass.swift */ = {isa = PBXFileReference; lastKnownFileType = sourcecode.swift; path = "AddedBook+CoreDataClass.swift"; sourceTree = "<group>"; };
		85508C3B2BED24FD00EADF58 /* AddedBook+CoreDataProperties.swift */ = {isa = PBXFileReference; lastKnownFileType = sourcecode.swift; path = "AddedBook+CoreDataProperties.swift"; sourceTree = "<group>"; };
		85508C3E2BED349900EADF58 /* BookListTableViewCell.swift */ = {isa = PBXFileReference; lastKnownFileType = sourcecode.swift; path = BookListTableViewCell.swift; sourceTree = "<group>"; };
		85508C442BED6D9500EADF58 /* RecentlyViewdBookCollectionViewCell.swift */ = {isa = PBXFileReference; lastKnownFileType = sourcecode.swift; path = RecentlyViewdBookCollectionViewCell.swift; sourceTree = "<group>"; };
		85E70F332BE4B6F1003A6767 /* BookShelf.app */ = {isa = PBXFileReference; explicitFileType = wrapper.application; includeInIndex = 0; path = BookShelf.app; sourceTree = BUILT_PRODUCTS_DIR; };
		85E70F362BE4B6F1003A6767 /* AppDelegate.swift */ = {isa = PBXFileReference; lastKnownFileType = sourcecode.swift; path = AppDelegate.swift; sourceTree = "<group>"; };
		85E70F382BE4B6F1003A6767 /* SceneDelegate.swift */ = {isa = PBXFileReference; lastKnownFileType = sourcecode.swift; path = SceneDelegate.swift; sourceTree = "<group>"; };
		85E70F3A2BE4B6F1003A6767 /* SearchViewController.swift */ = {isa = PBXFileReference; lastKnownFileType = sourcecode.swift; path = SearchViewController.swift; sourceTree = "<group>"; };
		85E70F3D2BE4B6F1003A6767 /* Base */ = {isa = PBXFileReference; lastKnownFileType = file.storyboard; name = Base; path = Base.lproj/Main.storyboard; sourceTree = "<group>"; };
		85E70F3F2BE4B6F2003A6767 /* Assets.xcassets */ = {isa = PBXFileReference; lastKnownFileType = folder.assetcatalog; path = Assets.xcassets; sourceTree = "<group>"; };
		85E70F422BE4B6F2003A6767 /* Base */ = {isa = PBXFileReference; lastKnownFileType = file.storyboard; name = Base; path = Base.lproj/LaunchScreen.storyboard; sourceTree = "<group>"; };
		85E70F442BE4B6F2003A6767 /* Info.plist */ = {isa = PBXFileReference; lastKnownFileType = text.plist.xml; path = Info.plist; sourceTree = "<group>"; };
		85E70F4A2BE4DADE003A6767 /* BookListViewController.swift */ = {isa = PBXFileReference; lastKnownFileType = sourcecode.swift; path = BookListViewController.swift; sourceTree = "<group>"; };
		85E70F4C2BE4DE68003A6767 /* BookDetailViewController.swift */ = {isa = PBXFileReference; lastKnownFileType = sourcecode.swift; path = BookDetailViewController.swift; sourceTree = "<group>"; };
/* End PBXFileReference section */

/* Begin PBXFrameworksBuildPhase section */
		85E70F302BE4B6F1003A6767 /* Frameworks */ = {
			isa = PBXFrameworksBuildPhase;
			buildActionMask = 2147483647;
			files = (
				85E70F502BE4F576003A6767 /* SnapKit in Frameworks */,
			);
			runOnlyForDeploymentPostprocessing = 0;
		};
/* End PBXFrameworksBuildPhase section */

/* Begin PBXGroup section */
		85508C192BE9D79000EADF58 /* View */ = {
			isa = PBXGroup;
			children = (
				85508C322BEBEFF500EADF58 /* ListOfBooks */,
				85508C312BEBEFE600EADF58 /* Detail */,
				85508C302BEBEFCA00EADF58 /* Search */,
			);
			path = View;
			sourceTree = "<group>";
		};
		85508C1C2BEA878800EADF58 /* Extension */ = {
			isa = PBXGroup;
			children = (
				85508C1D2BEA879D00EADF58 /* UIFontExtension.swift */,
				85508C1F2BEA8B5400EADF58 /* UILabelExtension.swift */,
				85508C292BEB053400EADF58 /* BookShelf++Bundle.swift */,
			);
			path = Extension;
			sourceTree = "<group>";
		};
		85508C242BEA8EDC00EADF58 /* Model */ = {
			isa = PBXGroup;
			children = (
				85508C252BEA8F0700EADF58 /* Book.swift */,
			);
			path = Model;
			sourceTree = "<group>";
		};
		85508C2B2BEB71B700EADF58 /* Service */ = {
			isa = PBXGroup;
			children = (
				85508C2C2BEB71CD00EADF58 /* NetworkManager.swift */,
				85508C362BEC4DD400EADF58 /* CoreDataManager.swift */,
			);
			path = Service;
			sourceTree = "<group>";
		};
		85508C302BEBEFCA00EADF58 /* Search */ = {
			isa = PBXGroup;
			children = (
				85508C1A2BE9D7C500EADF58 /* SearchResultsCollectionViewCell.swift */,
				85508C442BED6D9500EADF58 /* RecentlyViewdBookCollectionViewCell.swift */,
			);
			path = Search;
			sourceTree = "<group>";
		};
		85508C312BEBEFE600EADF58 /* Detail */ = {
			isa = PBXGroup;
			children = (
				85508C2E2BEBACC300EADF58 /* DetailView.swift */,
			);
			path = Detail;
			sourceTree = "<group>";
		};
		85508C322BEBEFF500EADF58 /* ListOfBooks */ = {
			isa = PBXGroup;
			children = (
				85508C3E2BED349900EADF58 /* BookListTableViewCell.swift */,
			);
			path = ListOfBooks;
			sourceTree = "<group>";
		};
		85508C402BED430C00EADF58 /* Controller */ = {
			isa = PBXGroup;
			children = (
				85508C432BED433300EADF58 /* Search */,
				85508C422BED432200EADF58 /* Detail */,
				85508C412BED431600EADF58 /* ListOfBooks */,
			);
			path = Controller;
			sourceTree = "<group>";
		};
		85508C412BED431600EADF58 /* ListOfBooks */ = {
			isa = PBXGroup;
			children = (
				85E70F4A2BE4DADE003A6767 /* BookListViewController.swift */,
			);
			path = ListOfBooks;
			sourceTree = "<group>";
		};
		85508C422BED432200EADF58 /* Detail */ = {
			isa = PBXGroup;
			children = (
				85E70F4C2BE4DE68003A6767 /* BookDetailViewController.swift */,
			);
			path = Detail;
			sourceTree = "<group>";
		};
		85508C432BED433300EADF58 /* Search */ = {
			isa = PBXGroup;
			children = (
				85E70F3A2BE4B6F1003A6767 /* SearchViewController.swift */,
			);
			path = Search;
			sourceTree = "<group>";
		};
		85E70F2A2BE4B6F1003A6767 = {
			isa = PBXGroup;
			children = (
				85508C3B2BED24FD00EADF58 /* AddedBook+CoreDataProperties.swift */,
				85508C3A2BED24FD00EADF58 /* AddedBook+CoreDataClass.swift */,
				85E70F352BE4B6F1003A6767 /* BookShelf */,
				85508C332BEBF44F00EADF58 /* AddedBook.xcdatamodeld */,
				85E70F342BE4B6F1003A6767 /* Products */,
			);
			sourceTree = "<group>";
		};
		85E70F342BE4B6F1003A6767 /* Products */ = {
			isa = PBXGroup;
			children = (
				85E70F332BE4B6F1003A6767 /* BookShelf.app */,
			);
			name = Products;
			sourceTree = "<group>";
		};
		85E70F352BE4B6F1003A6767 /* BookShelf */ = {
			isa = PBXGroup;
			children = (
				85508C402BED430C00EADF58 /* Controller */,
				85508C242BEA8EDC00EADF58 /* Model */,
				85508C192BE9D79000EADF58 /* View */,
				85508C2B2BEB71B700EADF58 /* Service */,
				85508C1C2BEA878800EADF58 /* Extension */,
				85E70F362BE4B6F1003A6767 /* AppDelegate.swift */,
				85E70F382BE4B6F1003A6767 /* SceneDelegate.swift */,
				85E70F3C2BE4B6F1003A6767 /* Main.storyboard */,
				85E70F3F2BE4B6F2003A6767 /* Assets.xcassets */,
				85E70F412BE4B6F2003A6767 /* LaunchScreen.storyboard */,
				85508C272BEB006B00EADF58 /* Secrets.plist */,
				85E70F442BE4B6F2003A6767 /* Info.plist */,
			);
			path = BookShelf;
			sourceTree = "<group>";
		};
/* End PBXGroup section */

/* Begin PBXNativeTarget section */
		85E70F322BE4B6F1003A6767 /* BookShelf */ = {
			isa = PBXNativeTarget;
			buildConfigurationList = 85E70F472BE4B6F2003A6767 /* Build configuration list for PBXNativeTarget "BookShelf" */;
			buildPhases = (
				85E70F2F2BE4B6F1003A6767 /* Sources */,
				85E70F302BE4B6F1003A6767 /* Frameworks */,
				85E70F312BE4B6F1003A6767 /* Resources */,
			);
			buildRules = (
			);
			dependencies = (
			);
			name = BookShelf;
			packageProductDependencies = (
				85E70F4F2BE4F576003A6767 /* SnapKit */,
			);
			productName = BookShelf;
			productReference = 85E70F332BE4B6F1003A6767 /* BookShelf.app */;
			productType = "com.apple.product-type.application";
		};
/* End PBXNativeTarget section */

/* Begin PBXProject section */
		85E70F2B2BE4B6F1003A6767 /* Project object */ = {
			isa = PBXProject;
			attributes = {
				BuildIndependentTargetsInParallel = 1;
				LastSwiftUpdateCheck = 1530;
				LastUpgradeCheck = 1530;
				TargetAttributes = {
					85E70F322BE4B6F1003A6767 = {
						CreatedOnToolsVersion = 15.3;
					};
				};
			};
			buildConfigurationList = 85E70F2E2BE4B6F1003A6767 /* Build configuration list for PBXProject "BookShelf" */;
			compatibilityVersion = "Xcode 14.0";
			developmentRegion = en;
			hasScannedForEncodings = 0;
			knownRegions = (
				en,
				Base,
			);
			mainGroup = 85E70F2A2BE4B6F1003A6767;
			packageReferences = (
				85E70F4E2BE4F576003A6767 /* XCRemoteSwiftPackageReference "SnapKit" */,
			);
			productRefGroup = 85E70F342BE4B6F1003A6767 /* Products */;
			projectDirPath = "";
			projectRoot = "";
			targets = (
				85E70F322BE4B6F1003A6767 /* BookShelf */,
			);
		};
/* End PBXProject section */

/* Begin PBXResourcesBuildPhase section */
		85E70F312BE4B6F1003A6767 /* Resources */ = {
			isa = PBXResourcesBuildPhase;
			buildActionMask = 2147483647;
			files = (
				85508C282BEB006B00EADF58 /* Secrets.plist in Resources */,
				85E70F402BE4B6F2003A6767 /* Assets.xcassets in Resources */,
				85E70F432BE4B6F2003A6767 /* Base in Resources */,
				85E70F3E2BE4B6F1003A6767 /* Base in Resources */,
			);
			runOnlyForDeploymentPostprocessing = 0;
		};
/* End PBXResourcesBuildPhase section */

/* Begin PBXSourcesBuildPhase section */
		85E70F2F2BE4B6F1003A6767 /* Sources */ = {
			isa = PBXSourcesBuildPhase;
			buildActionMask = 2147483647;
			files = (
				85508C2D2BEB71CD00EADF58 /* NetworkManager.swift in Sources */,
				85508C262BEA8F0700EADF58 /* Book.swift in Sources */,
				85E70F3B2BE4B6F1003A6767 /* SearchViewController.swift in Sources */,
				85508C3C2BED24FD00EADF58 /* AddedBook+CoreDataClass.swift in Sources */,
				85508C3D2BED24FD00EADF58 /* AddedBook+CoreDataProperties.swift in Sources */,
				85508C372BEC4DD400EADF58 /* CoreDataManager.swift in Sources */,
				85508C352BEBF44F00EADF58 /* AddedBook.xcdatamodeld in Sources */,
				85508C452BED6D9500EADF58 /* RecentlyViewdBookCollectionViewCell.swift in Sources */,
				85508C1B2BE9D7C500EADF58 /* SearchResultsCollectionViewCell.swift in Sources */,
				85508C2A2BEB053400EADF58 /* BookShelf++Bundle.swift in Sources */,
				85E70F4B2BE4DADE003A6767 /* BookListViewController.swift in Sources */,
				85508C1E2BEA879D00EADF58 /* UIFontExtension.swift in Sources */,
				85508C2F2BEBACC300EADF58 /* DetailView.swift in Sources */,
				85508C202BEA8B5400EADF58 /* UILabelExtension.swift in Sources */,
				85E70F372BE4B6F1003A6767 /* AppDelegate.swift in Sources */,
				85E70F392BE4B6F1003A6767 /* SceneDelegate.swift in Sources */,
				85508C3F2BED349900EADF58 /* BookListTableViewCell.swift in Sources */,
				85E70F4D2BE4DE68003A6767 /* BookDetailViewController.swift in Sources */,
			);
			runOnlyForDeploymentPostprocessing = 0;
		};
/* End PBXSourcesBuildPhase section */

/* Begin PBXVariantGroup section */
		85E70F3C2BE4B6F1003A6767 /* Main.storyboard */ = {
			isa = PBXVariantGroup;
			children = (
				85E70F3D2BE4B6F1003A6767 /* Base */,
			);
			name = Main.storyboard;
			sourceTree = "<group>";
		};
		85E70F412BE4B6F2003A6767 /* LaunchScreen.storyboard */ = {
			isa = PBXVariantGroup;
			children = (
				85E70F422BE4B6F2003A6767 /* Base */,
			);
			name = LaunchScreen.storyboard;
			sourceTree = "<group>";
		};
/* End PBXVariantGroup section */

/* Begin XCBuildConfiguration section */
		85E70F452BE4B6F2003A6767 /* Debug */ = {
			isa = XCBuildConfiguration;
			buildSettings = {
				ALWAYS_SEARCH_USER_PATHS = NO;
				ASSETCATALOG_COMPILER_GENERATE_SWIFT_ASSET_SYMBOL_EXTENSIONS = YES;
				CLANG_ANALYZER_NONNULL = YES;
				CLANG_ANALYZER_NUMBER_OBJECT_CONVERSION = YES_AGGRESSIVE;
				CLANG_CXX_LANGUAGE_STANDARD = "gnu++20";
				CLANG_ENABLE_MODULES = YES;
				CLANG_ENABLE_OBJC_ARC = YES;
				CLANG_ENABLE_OBJC_WEAK = YES;
				CLANG_WARN_BLOCK_CAPTURE_AUTORELEASING = YES;
				CLANG_WARN_BOOL_CONVERSION = YES;
				CLANG_WARN_COMMA = YES;
				CLANG_WARN_CONSTANT_CONVERSION = YES;
				CLANG_WARN_DEPRECATED_OBJC_IMPLEMENTATIONS = YES;
				CLANG_WARN_DIRECT_OBJC_ISA_USAGE = YES_ERROR;
				CLANG_WARN_DOCUMENTATION_COMMENTS = YES;
				CLANG_WARN_EMPTY_BODY = YES;
				CLANG_WARN_ENUM_CONVERSION = YES;
				CLANG_WARN_INFINITE_RECURSION = YES;
				CLANG_WARN_INT_CONVERSION = YES;
				CLANG_WARN_NON_LITERAL_NULL_CONVERSION = YES;
				CLANG_WARN_OBJC_IMPLICIT_RETAIN_SELF = YES;
				CLANG_WARN_OBJC_LITERAL_CONVERSION = YES;
				CLANG_WARN_OBJC_ROOT_CLASS = YES_ERROR;
				CLANG_WARN_QUOTED_INCLUDE_IN_FRAMEWORK_HEADER = YES;
				CLANG_WARN_RANGE_LOOP_ANALYSIS = YES;
				CLANG_WARN_STRICT_PROTOTYPES = YES;
				CLANG_WARN_SUSPICIOUS_MOVE = YES;
				CLANG_WARN_UNGUARDED_AVAILABILITY = YES_AGGRESSIVE;
				CLANG_WARN_UNREACHABLE_CODE = YES;
				CLANG_WARN__DUPLICATE_METHOD_MATCH = YES;
				COPY_PHASE_STRIP = NO;
				DEBUG_INFORMATION_FORMAT = dwarf;
				ENABLE_STRICT_OBJC_MSGSEND = YES;
				ENABLE_TESTABILITY = YES;
				ENABLE_USER_SCRIPT_SANDBOXING = YES;
				GCC_C_LANGUAGE_STANDARD = gnu17;
				GCC_DYNAMIC_NO_PIC = NO;
				GCC_NO_COMMON_BLOCKS = YES;
				GCC_OPTIMIZATION_LEVEL = 0;
				GCC_PREPROCESSOR_DEFINITIONS = (
					"DEBUG=1",
					"$(inherited)",
				);
				GCC_WARN_64_TO_32_BIT_CONVERSION = YES;
				GCC_WARN_ABOUT_RETURN_TYPE = YES_ERROR;
				GCC_WARN_UNDECLARED_SELECTOR = YES;
				GCC_WARN_UNINITIALIZED_AUTOS = YES_AGGRESSIVE;
				GCC_WARN_UNUSED_FUNCTION = YES;
				GCC_WARN_UNUSED_VARIABLE = YES;
				IPHONEOS_DEPLOYMENT_TARGET = 17.4;
				LOCALIZATION_PREFERS_STRING_CATALOGS = YES;
				MTL_ENABLE_DEBUG_INFO = INCLUDE_SOURCE;
				MTL_FAST_MATH = YES;
				ONLY_ACTIVE_ARCH = YES;
				SDKROOT = iphoneos;
				SWIFT_ACTIVE_COMPILATION_CONDITIONS = "DEBUG $(inherited)";
				SWIFT_OPTIMIZATION_LEVEL = "-Onone";
			};
			name = Debug;
		};
		85E70F462BE4B6F2003A6767 /* Release */ = {
			isa = XCBuildConfiguration;
			buildSettings = {
				ALWAYS_SEARCH_USER_PATHS = NO;
				ASSETCATALOG_COMPILER_GENERATE_SWIFT_ASSET_SYMBOL_EXTENSIONS = YES;
				CLANG_ANALYZER_NONNULL = YES;
				CLANG_ANALYZER_NUMBER_OBJECT_CONVERSION = YES_AGGRESSIVE;
				CLANG_CXX_LANGUAGE_STANDARD = "gnu++20";
				CLANG_ENABLE_MODULES = YES;
				CLANG_ENABLE_OBJC_ARC = YES;
				CLANG_ENABLE_OBJC_WEAK = YES;
				CLANG_WARN_BLOCK_CAPTURE_AUTORELEASING = YES;
				CLANG_WARN_BOOL_CONVERSION = YES;
				CLANG_WARN_COMMA = YES;
				CLANG_WARN_CONSTANT_CONVERSION = YES;
				CLANG_WARN_DEPRECATED_OBJC_IMPLEMENTATIONS = YES;
				CLANG_WARN_DIRECT_OBJC_ISA_USAGE = YES_ERROR;
				CLANG_WARN_DOCUMENTATION_COMMENTS = YES;
				CLANG_WARN_EMPTY_BODY = YES;
				CLANG_WARN_ENUM_CONVERSION = YES;
				CLANG_WARN_INFINITE_RECURSION = YES;
				CLANG_WARN_INT_CONVERSION = YES;
				CLANG_WARN_NON_LITERAL_NULL_CONVERSION = YES;
				CLANG_WARN_OBJC_IMPLICIT_RETAIN_SELF = YES;
				CLANG_WARN_OBJC_LITERAL_CONVERSION = YES;
				CLANG_WARN_OBJC_ROOT_CLASS = YES_ERROR;
				CLANG_WARN_QUOTED_INCLUDE_IN_FRAMEWORK_HEADER = YES;
				CLANG_WARN_RANGE_LOOP_ANALYSIS = YES;
				CLANG_WARN_STRICT_PROTOTYPES = YES;
				CLANG_WARN_SUSPICIOUS_MOVE = YES;
				CLANG_WARN_UNGUARDED_AVAILABILITY = YES_AGGRESSIVE;
				CLANG_WARN_UNREACHABLE_CODE = YES;
				CLANG_WARN__DUPLICATE_METHOD_MATCH = YES;
				COPY_PHASE_STRIP = NO;
				DEBUG_INFORMATION_FORMAT = "dwarf-with-dsym";
				ENABLE_NS_ASSERTIONS = NO;
				ENABLE_STRICT_OBJC_MSGSEND = YES;
				ENABLE_USER_SCRIPT_SANDBOXING = YES;
				GCC_C_LANGUAGE_STANDARD = gnu17;
				GCC_NO_COMMON_BLOCKS = YES;
				GCC_WARN_64_TO_32_BIT_CONVERSION = YES;
				GCC_WARN_ABOUT_RETURN_TYPE = YES_ERROR;
				GCC_WARN_UNDECLARED_SELECTOR = YES;
				GCC_WARN_UNINITIALIZED_AUTOS = YES_AGGRESSIVE;
				GCC_WARN_UNUSED_FUNCTION = YES;
				GCC_WARN_UNUSED_VARIABLE = YES;
				IPHONEOS_DEPLOYMENT_TARGET = 17.4;
				LOCALIZATION_PREFERS_STRING_CATALOGS = YES;
				MTL_ENABLE_DEBUG_INFO = NO;
				MTL_FAST_MATH = YES;
				SDKROOT = iphoneos;
				SWIFT_COMPILATION_MODE = wholemodule;
				VALIDATE_PRODUCT = YES;
			};
			name = Release;
		};
		85E70F482BE4B6F2003A6767 /* Debug */ = {
			isa = XCBuildConfiguration;
			buildSettings = {
				ASSETCATALOG_COMPILER_APPICON_NAME = AppIcon;
				ASSETCATALOG_COMPILER_GLOBAL_ACCENT_COLOR_NAME = AccentColor;
				CODE_SIGN_STYLE = Automatic;
				CURRENT_PROJECT_VERSION = 1;
				DEVELOPMENT_TEAM = CS9SP68DH3;
				GENERATE_INFOPLIST_FILE = YES;
				INFOPLIST_FILE = BookShelf/Info.plist;
				INFOPLIST_KEY_UIApplicationSupportsIndirectInputEvents = YES;
				INFOPLIST_KEY_UILaunchStoryboardName = LaunchScreen;
				INFOPLIST_KEY_UIMainStoryboardFile = Main;
				INFOPLIST_KEY_UISupportedInterfaceOrientations_iPad = "UIInterfaceOrientationPortrait UIInterfaceOrientationPortraitUpsideDown UIInterfaceOrientationLandscapeLeft UIInterfaceOrientationLandscapeRight";
				INFOPLIST_KEY_UISupportedInterfaceOrientations_iPhone = "UIInterfaceOrientationPortrait UIInterfaceOrientationLandscapeLeft UIInterfaceOrientationLandscapeRight";
				LD_RUNPATH_SEARCH_PATHS = (
					"$(inherited)",
					"@executable_path/Frameworks",
				);
				MARKETING_VERSION = 1.0;
				PRODUCT_BUNDLE_IDENTIFIER = suri.BookShelf;
				PRODUCT_NAME = "$(TARGET_NAME)";
				SWIFT_EMIT_LOC_STRINGS = YES;
				SWIFT_VERSION = 5.0;
				TARGETED_DEVICE_FAMILY = "1,2";
			};
			name = Debug;
		};
		85E70F492BE4B6F2003A6767 /* Release */ = {
			isa = XCBuildConfiguration;
			buildSettings = {
				ASSETCATALOG_COMPILER_APPICON_NAME = AppIcon;
				ASSETCATALOG_COMPILER_GLOBAL_ACCENT_COLOR_NAME = AccentColor;
				CODE_SIGN_STYLE = Automatic;
				CURRENT_PROJECT_VERSION = 1;
				DEVELOPMENT_TEAM = CS9SP68DH3;
				GENERATE_INFOPLIST_FILE = YES;
				INFOPLIST_FILE = BookShelf/Info.plist;
				INFOPLIST_KEY_UIApplicationSupportsIndirectInputEvents = YES;
				INFOPLIST_KEY_UILaunchStoryboardName = LaunchScreen;
				INFOPLIST_KEY_UIMainStoryboardFile = Main;
				INFOPLIST_KEY_UISupportedInterfaceOrientations_iPad = "UIInterfaceOrientationPortrait UIInterfaceOrientationPortraitUpsideDown UIInterfaceOrientationLandscapeLeft UIInterfaceOrientationLandscapeRight";
				INFOPLIST_KEY_UISupportedInterfaceOrientations_iPhone = "UIInterfaceOrientationPortrait UIInterfaceOrientationLandscapeLeft UIInterfaceOrientationLandscapeRight";
				LD_RUNPATH_SEARCH_PATHS = (
					"$(inherited)",
					"@executable_path/Frameworks",
				);
				MARKETING_VERSION = 1.0;
				PRODUCT_BUNDLE_IDENTIFIER = suri.BookShelf;
				PRODUCT_NAME = "$(TARGET_NAME)";
				SWIFT_EMIT_LOC_STRINGS = YES;
				SWIFT_VERSION = 5.0;
				TARGETED_DEVICE_FAMILY = "1,2";
			};
			name = Release;
		};
/* End XCBuildConfiguration section */

/* Begin XCConfigurationList section */
		85E70F2E2BE4B6F1003A6767 /* Build configuration list for PBXProject "BookShelf" */ = {
			isa = XCConfigurationList;
			buildConfigurations = (
				85E70F452BE4B6F2003A6767 /* Debug */,
				85E70F462BE4B6F2003A6767 /* Release */,
			);
			defaultConfigurationIsVisible = 0;
			defaultConfigurationName = Release;
		};
		85E70F472BE4B6F2003A6767 /* Build configuration list for PBXNativeTarget "BookShelf" */ = {
			isa = XCConfigurationList;
			buildConfigurations = (
				85E70F482BE4B6F2003A6767 /* Debug */,
				85E70F492BE4B6F2003A6767 /* Release */,
			);
			defaultConfigurationIsVisible = 0;
			defaultConfigurationName = Release;
		};
/* End XCConfigurationList section */

/* Begin XCRemoteSwiftPackageReference section */
		85E70F4E2BE4F576003A6767 /* XCRemoteSwiftPackageReference "SnapKit" */ = {
			isa = XCRemoteSwiftPackageReference;
			repositoryURL = "https://github.com/SnapKit/SnapKit.git";
			requirement = {
				kind = upToNextMajorVersion;
				minimumVersion = 5.7.1;
			};
		};
/* End XCRemoteSwiftPackageReference section */

/* Begin XCSwiftPackageProductDependency section */
		85E70F4F2BE4F576003A6767 /* SnapKit */ = {
			isa = XCSwiftPackageProductDependency;
			package = 85E70F4E2BE4F576003A6767 /* XCRemoteSwiftPackageReference "SnapKit" */;
			productName = SnapKit;
		};
/* End XCSwiftPackageProductDependency section */

/* Begin XCVersionGroup section */
		85508C332BEBF44F00EADF58 /* AddedBook.xcdatamodeld */ = {
			isa = XCVersionGroup;
			children = (
				85508C342BEBF44F00EADF58 /* AddedBook.xcdatamodel */,
			);
			currentVersion = 85508C342BEBF44F00EADF58 /* AddedBook.xcdatamodel */;
			name = AddedBook.xcdatamodeld;
			path = /Users/yeseul/SpartaTeamProjects/BookShelf/AddedBook.xcdatamodeld;
			sourceTree = "<group>";
			versionGroupType = wrapper.xcdatamodel;
		};
/* End XCVersionGroup section */
	};
	rootObject = 85E70F2B2BE4B6F1003A6767 /* Project object */;
}
